
Microsoft Visual Studio Solution File, Format Version 12.00
# Visual Studio Version 16
VisualStudioVersion = 16.0.31205.134
MinimumVisualStudioVersion = 10.0.40219.1
Project("{FAE04EC0-301F-11D3-BF4B-00C04F79EFBC}") = "CaesarCipher", "CaesarCipher\CaesarCipher.csproj", "{5E924236-25B4-4BDB-9EB2-7781455EF002}"
EndProject
Project("{FAE04EC0-301F-11D3-BF4B-00C04F79EFBC}") = "CaesarCipherTests", "CaesarCipherTests\CaesarCipherTests.csproj", "{B5072721-5C1A-4724-97A6-F3EA5E16E8F7}"
EndProject
Global
	GlobalSection(SolutionConfigurationPlatforms) = preSolution
		Debug|Any CPU = Debug|Any CPU
		Release|Any CPU = Release|Any CPU
	EndGlobalSection
	GlobalSection(ProjectConfigurationPlatforms) = postSolution
		{5E924236-25B4-4BDB-9EB2-7781455EF002}.Debug|Any CPU.ActiveCfg = Debug|Any CPU
		{5E924236-25B4-4BDB-9EB2-7781455EF002}.Debug|Any CPU.Build.0 = Debug|Any CPU
		{5E924236-25B4-4BDB-9EB2-7781455EF002}.Release|Any CPU.ActiveCfg = Release|Any CPU
		{5E924236-25B4-4BDB-9EB2-7781455EF002}.Release|Any CPU.Build.0 = Release|Any CPU
		{B5072721-5C1A-4724-97A6-F3EA5E16E8F7}.Debug|Any CPU.ActiveCfg = Debug|Any CPU
		{B5072721-5C1A-4724-97A6-F3EA5E16E8F7}.Debug|Any CPU.Build.0 = Debug|Any CPU
		{B5072721-5C1A-4724-97A6-F3EA5E16E8F7}.Release|Any CPU.ActiveCfg = Release|Any CPU
		{B5072721-5C1A-4724-97A6-F3EA5E16E8F7}.Release|Any CPU.Build.0 = Release|Any CPU
	EndGlobalSection
	GlobalSection(SolutionProperties) = preSolution
		HideSolutionNode = FALSE
	EndGlobalSection
	GlobalSection(ExtensibilityGlobals) = postSolution
		SolutionGuid = {72895D17-20FA-4270-B033-339F75AF88A0}
	EndGlobalSection
EndGlobal
